// !$*UTF8*$!
{
	archiveVersion = 1;
	classes = {
	};
	objectVersion = 46;
	objects = {

/* Begin PBXBuildFile section */
		3E6350E51B40D2B000E0B71F /* main.swift in Sources */ = {isa = PBXBuildFile; fileRef = 3E6350E41B40D2B000E0B71F /* main.swift */; };
		3E6350EC1B40D30D00E0B71F /* terminalColors.swift in Sources */ = {isa = PBXBuildFile; fileRef = 3E6350EB1B40D30D00E0B71F /* terminalColors.swift */; };
/* End PBXBuildFile section */

/* Begin PBXCopyFilesBuildPhase section */
		3E6350DF1B40D2B000E0B71F /* CopyFiles */ = {
			isa = PBXCopyFilesBuildPhase;
			buildActionMask = 2147483647;
			dstPath = /usr/share/man/man1/;
			dstSubfolderSpec = 0;
			files = (
			);
			runOnlyForDeploymentPostprocessing = 1;
		};
/* End PBXCopyFilesBuildPhase section */

/* Begin PBXFileReference section */
		3E6350E11B40D2B000E0B71F /* terminalColors */ = {isa = PBXFileReference; explicitFileType = "compiled.mach-o.executable"; includeInIndex = 0; path = terminalColors; sourceTree = BUILT_PRODUCTS_DIR; };
		3E6350E41B40D2B000E0B71F /* main.swift */ = {isa = PBXFileReference; lastKnownFileType = sourcecode.swift; path = main.swift; sourceTree = "<group>"; };
		3E6350EB1B40D30D00E0B71F /* terminalColors.swift */ = {isa = PBXFileReference; fileEncoding = 4; lastKnownFileType = sourcecode.swift; path = terminalColors.swift; sourceTree = "<group>"; };
/* End PBXFileReference section */

/* Begin PBXFrameworksBuildPhase section */
		3E6350DE1B40D2B000E0B71F /* Frameworks */ = {
			isa = PBXFrameworksBuildPhase;
			buildActionMask = 2147483647;
			files = (
			);
			runOnlyForDeploymentPostprocessing = 0;
		};
/* End PBXFrameworksBuildPhase section */

/* Begin PBXGroup section */
		3E6350D81B40D2B000E0B71F = {
			isa = PBXGroup;
			children = (
				3E6350E31B40D2B000E0B71F /* terminalColors */,
				3E6350E21B40D2B000E0B71F /* Products */,
			);
			sourceTree = "<group>";
		};
		3E6350E21B40D2B000E0B71F /* Products */ = {
			isa = PBXGroup;
			children = (
				3E6350E11B40D2B000E0B71F /* terminalColors */,
			);
			name = Products;
			sourceTree = "<group>";
		};
		3E6350E31B40D2B000E0B71F /* terminalColors */ = {
			isa = PBXGroup;
			children = (
				3E6350E41B40D2B000E0B71F /* main.swift */,
				3E6350EB1B40D30D00E0B71F /* terminalColors.swift */,
			);
			path = terminalColors;
			sourceTree = "<group>";
		};
/* End PBXGroup section */

/* Begin PBXNativeTarget section */
		3E6350E01B40D2B000E0B71F /* terminalColors */ = {
			isa = PBXNativeTarget;
			buildConfigurationList = 3E6350E81B40D2B000E0B71F /* Build configuration list for PBXNativeTarget "terminalColors" */;
			buildPhases = (
				3E6350DD1B40D2B000E0B71F /* Sources */,
				3E6350DE1B40D2B000E0B71F /* Frameworks */,
				3E6350DF1B40D2B000E0B71F /* CopyFiles */,
			);
			buildRules = (
			);
			dependencies = (
			);
			name = terminalColors;
			productName = terminalColors;
			productReference = 3E6350E11B40D2B000E0B71F /* terminalColors */;
			productType = "com.apple.product-type.tool";
		};
/* End PBXNativeTarget section */

/* Begin PBXProject section */
		3E6350D91B40D2B000E0B71F /* Project object */ = {
			isa = PBXProject;
			attributes = {
				LastUpgradeCheck = 0700;
				ORGANIZATIONNAME = "João Amaral";
				TargetAttributes = {
					3E6350E01B40D2B000E0B71F = {
						CreatedOnToolsVersion = 7.0;
					};
				};
			};
			buildConfigurationList = 3E6350DC1B40D2B000E0B71F /* Build configuration list for PBXProject "terminalColors" */;
			compatibilityVersion = "Xcode 3.2";
			developmentRegion = English;
			hasScannedForEncodings = 0;
			knownRegions = (
				en,
			);
			mainGroup = 3E6350D81B40D2B000E0B71F;
			productRefGroup = 3E6350E21B40D2B000E0B71F /* Products */;
			projectDirPath = "";
			projectRoot = "";
			targets = (
				3E6350E01B40D2B000E0B71F /* terminalColors */,
			);
		};
/* End PBXProject section */

/* Begin PBXSourcesBuildPhase section */
		3E6350DD1B40D2B000E0B71F /* Sources */ = {
			isa = PBXSourcesBuildPhase;
			buildActionMask = 2147483647;
			files = (
				3E6350E51B40D2B000E0B71F /* main.swift in Sources */,
				3E6350EC1B40D30D00E0B71F /* terminalColors.swift in Sources */,
			);
			runOnlyForDeploymentPostprocessing = 0;
		};
/* End PBXSourcesBuildPhase section */

/* Begin XCBuildConfiguration section */
		3E6350E61B40D2B000E0B71F /* Debug */ = {
			isa = XCBuildConfiguration;
			buildSettings = {
				ALWAYS_SEARCH_USER_PATHS = NO;
				CLANG_CXX_LANGUAGE_STANDARD = "gnu++0x";
				CLANG_CXX_LIBRARY = "libc++";
				CLANG_ENABLE_MODULES = YES;
				CLANG_ENABLE_OBJC_ARC = YES;
				CLANG_WARN_BOOL_CONVERSION = YES;
				CLANG_WARN_CONSTANT_CONVERSION = YES;
				CLANG_WARN_DIRECT_OBJC_ISA_USAGE = YES_ERROR;
				CLANG_WARN_EMPTY_BODY = YES;
				CLANG_WARN_ENUM_CONVERSION = YES;
				CLANG_WARN_INT_CONVERSION = YES;
				CLANG_WARN_OBJC_ROOT_CLASS = YES_ERROR;
				CLANG_WARN_UNREACHABLE_CODE = YES;
				CLANG_WARN__DUPLICATE_METHOD_MATCH = YES;
				COPY_PHASE_STRIP = NO;
				DEBUG_INFORMATION_FORMAT = dwarf;
				ENABLE_STRICT_OBJC_MSGSEND = YES;
				ENABLE_TESTABILITY = YES;
				GCC_C_LANGUAGE_STANDARD = gnu99;
				GCC_DYNAMIC_NO_PIC = NO;
				GCC_NO_COMMON_BLOCKS = YES;
				GCC_OPTIMIZATION_LEVEL = 0;
				GCC_PREPROCESSOR_DEFINITIONS = (
					"DEBUG=1",
					"$(inherited)",
				);
				GCC_WARN_64_TO_32_BIT_CONVERSION = YES;
				GCC_WARN_ABOUT_RETURN_TYPE = YES_ERROR;
				GCC_WARN_UNDECLARED_SELECTOR = YES;
				GCC_WARN_UNINITIALIZED_AUTOS = YES_AGGRESSIVE;
				GCC_WARN_UNUSED_FUNCTION = YES;
				GCC_WARN_UNUSED_VARIABLE = YES;
				MACOSX_DEPLOYMENT_TARGET = 10.10;
				MTL_ENABLE_DEBUG_INFO = YES;
				ONLY_ACTIVE_ARCH = YES;
				SDKROOT = macosx;
				SWIFT_OPTIMIZATION_LEVEL = "-Onone";
			};
			name = Debug;
		};
		3E6350E71B40D2B000E0B71F /* Release */ = {
			isa = XCBuildConfiguration;
			buildSettings = {
				ALWAYS_SEARCH_USER_PATHS = NO;
				CLANG_CXX_LANGUAGE_STANDARD = "gnu++0x";
				CLANG_CXX_LIBRARY = "libc++";
				CLANG_ENABLE_MODULES = YES;
				CLANG_ENABLE_OBJC_ARC = YES;
				CLANG_WARN_BOOL_CONVERSION = YES;
				CLANG_WARN_CONSTANT_CONVERSION = YES;
				CLANG_WARN_DIRECT_OBJC_ISA_USAGE = YES_ERROR;
				CLANG_WARN_EMPTY_BODY = YES;
				CLANG_WARN_ENUM_CONVERSION = YES;
				CLANG_WARN_INT_CONVERSION = YES;
				CLANG_WARN_OBJC_ROOT_CLASS = YES_ERROR;
				CLANG_WARN_UNREACHABLE_CODE = YES;
				CLANG_WARN__DUPLICATE_METHOD_MATCH = YES;
				COPY_PHASE_STRIP = NO;
				DEBUG_INFORMATION_FORMAT = "dwarf-with-dsym";
				ENABLE_NS_ASSERTIONS = NO;
				ENABLE_STRICT_OBJC_MSGSEND = YES;
				GCC_C_LANGUAGE_STANDARD = gnu99;
				GCC_NO_COMMON_BLOCKS = YES;
				GCC_WARN_64_TO_32_BIT_CONVERSION = YES;
				GCC_WARN_ABOUT_RETURN_TYPE = YES_ERROR;
				GCC_WARN_UNDECLARED_SELECTOR = YES;
				GCC_WARN_UNINITIALIZED_AUTOS = YES_AGGRESSIVE;
				GCC_WARN_UNUSED_FUNCTION = YES;
				GCC_WARN_UNUSED_VARIABLE = YES;
				MACOSX_DEPLOYMENT_TARGET = 10.10;
				MTL_ENABLE_DEBUG_INFO = NO;
				SDKROOT = macosx;
			};
			name = Release;
		};
		3E6350E91B40D2B000E0B71F /* Debug */ = {
			isa = XCBuildConfiguration;
			buildSettings = {
				PRODUCT_NAME = "$(TARGET_NAME)";
			};
			name = Debug;
		};
		3E6350EA1B40D2B000E0B71F /* Release */ = {
			isa = XCBuildConfiguration;
			buildSettings = {
				PRODUCT_NAME = "$(TARGET_NAME)";
			};
			name = Release;
		};
/* End XCBuildConfiguration section */

/* Begin XCConfigurationList section */
		3E6350DC1B40D2B000E0B71F /* Build configuration list for PBXProject "terminalColors" */ = {
			isa = XCConfigurationList;
			buildConfigurations = (
				3E6350E61B40D2B000E0B71F /* Debug */,
				3E6350E71B40D2B000E0B71F /* Release */,
			);
			defaultConfigurationIsVisible = 0;
			defaultConfigurationName = Release;
		};
		3E6350E81B40D2B000E0B71F /* Build configuration list for PBXNativeTarget "terminalColors" */ = {
			isa = XCConfigurationList;
			buildConfigurations = (
				3E6350E91B40D2B000E0B71F /* Debug */,
				3E6350EA1B40D2B000E0B71F /* Release */,
			);
			defaultConfigurationIsVisible = 0;
		};
/* End XCConfigurationList section */
	};
	rootObject = 3E6350D91B40D2B000E0B71F /* Project object */;
}
